
Microsoft Visual Studio Solution File, Format Version 12.00
# Visual Studio Version 16
VisualStudioVersion = 16.0.30517.126
MinimumVisualStudioVersion = 10.0.40219.1
Project("{FAE04EC0-301F-11D3-BF4B-00C04F79EFBC}") = "QuanLyQuanCafe", "QuanLyQuanCafe\QuanLyQuanCafe.csproj", "{C4901E34-3B94-40AF-B4BD-DE6B00198777}"
EndProject
Global
	GlobalSection(SolutionConfigurationPlatforms) = preSolution
		Debug|Any CPU = Debug|Any CPU
		Release|Any CPU = Release|Any CPU
	EndGlobalSection
	GlobalSection(ProjectConfigurationPlatforms) = postSolution
		{C4901E34-3B94-40AF-B4BD-DE6B00198777}.Debug|Any CPU.ActiveCfg = Debug|Any CPU
		{C4901E34-3B94-40AF-B4BD-DE6B00198777}.Debug|Any CPU.Build.0 = Debug|Any CPU
		{C4901E34-3B94-40AF-B4BD-DE6B00198777}.Release|Any CPU.ActiveCfg = Release|Any CPU
		{C4901E34-3B94-40AF-B4BD-DE6B00198777}.Release|Any CPU.Build.0 = Release|Any CPU
	EndGlobalSection
	GlobalSection(SolutionProperties) = preSolution
		HideSolutionNode = FALSE
	EndGlobalSection
	GlobalSection(ExtensibilityGlobals) = postSolution
		SolutionGuid = {AE603D8B-4832-4168-A018-90AA068F4063}
	EndGlobalSection
EndGlobal
